
Microsoft Visual Studio Solution File, Format Version 12.00
# Visual Studio Version 17
VisualStudioVersion = 17.2.32519.379
MinimumVisualStudioVersion = 10.0.40219.1
Project("{9A19103F-16F7-4668-BE54-9A1E7A4F7556}") = "INN8.Application.Core", "Core.NetStandard\INN8.Application.Core.csproj", "{C8AAD127-7371-4C68-AE5B-605A531683D2}"
EndProject
Project("{9A19103F-16F7-4668-BE54-9A1E7A4F7556}") = "INN8.Application", "INN8.Services\INN8.Application.csproj", "{FC022E1F-0234-40D6-BEA0-88DE9985CED0}"
EndProject
Project("{9A19103F-16F7-4668-BE54-9A1E7A4F7556}") = "INN8.WebApi", "INN8.WebApi\INN8.WebApi.csproj", "{3B233607-17EB-4CFE-99E2-4535075BAAE2}"
EndProject
Project("{9A19103F-16F7-4668-BE54-9A1E7A4F7556}") = "INN8.Api.Dto", "INN8.Api.Dto\INN8.Api.Dto.csproj", "{E9C934D5-710C-4CF1-8C74-1F541F406A1E}"
EndProject
Project("{9A19103F-16F7-4668-BE54-9A1E7A4F7556}") = "INN8.ThirdParty.Dto", "INN8.ThirdPartyApi.Dto\INN8.ThirdParty.Dto.csproj", "{BDD2FFCC-F0C4-4A70-816D-17ECB9528F79}"
EndProject
Project("{9A19103F-16F7-4668-BE54-9A1E7A4F7556}") = "INN8.Application.Services", "INN8.Application.Services\INN8.Application.Services.csproj", "{AC3CEB78-4F6F-478E-8038-FDA16AFBFF9E}"
EndProject
Project("{9A19103F-16F7-4668-BE54-9A1E7A4F7556}") = "INN8.Application.Services.Infrastructure", "INN8.Application.Services.Infrastructure\INN8.Application.Services.Infrastructure.csproj", "{BB432AB2-BA39-43FD-A8E2-48F8521E5F56}"
EndProject
Project("{FAE04EC0-301F-11D3-BF4B-00C04F79EFBC}") = "INN8.Data", "INN8.Data\INN8.Data.csproj", "{F84EDFAD-D31D-42DF-9C34-39505D4D973F}"
EndProject
Global
	GlobalSection(SolutionConfigurationPlatforms) = preSolution
		Debug|Any CPU = Debug|Any CPU
		Release|Any CPU = Release|Any CPU
	EndGlobalSection
	GlobalSection(ProjectConfigurationPlatforms) = postSolution
		{C8AAD127-7371-4C68-AE5B-605A531683D2}.Debug|Any CPU.ActiveCfg = Debug|Any CPU
		{C8AAD127-7371-4C68-AE5B-605A531683D2}.Debug|Any CPU.Build.0 = Debug|Any CPU
		{C8AAD127-7371-4C68-AE5B-605A531683D2}.Release|Any CPU.ActiveCfg = Release|Any CPU
		{C8AAD127-7371-4C68-AE5B-605A531683D2}.Release|Any CPU.Build.0 = Release|Any CPU
		{FC022E1F-0234-40D6-BEA0-88DE9985CED0}.Debug|Any CPU.ActiveCfg = Debug|Any CPU
		{FC022E1F-0234-40D6-BEA0-88DE9985CED0}.Debug|Any CPU.Build.0 = Debug|Any CPU
		{FC022E1F-0234-40D6-BEA0-88DE9985CED0}.Release|Any CPU.ActiveCfg = Release|Any CPU
		{FC022E1F-0234-40D6-BEA0-88DE9985CED0}.Release|Any CPU.Build.0 = Release|Any CPU
		{3B233607-17EB-4CFE-99E2-4535075BAAE2}.Debug|Any CPU.ActiveCfg = Debug|Any CPU
		{3B233607-17EB-4CFE-99E2-4535075BAAE2}.Debug|Any CPU.Build.0 = Debug|Any CPU
		{3B233607-17EB-4CFE-99E2-4535075BAAE2}.Release|Any CPU.ActiveCfg = Release|Any CPU
		{3B233607-17EB-4CFE-99E2-4535075BAAE2}.Release|Any CPU.Build.0 = Release|Any CPU
		{E9C934D5-710C-4CF1-8C74-1F541F406A1E}.Debug|Any CPU.ActiveCfg = Debug|Any CPU
		{E9C934D5-710C-4CF1-8C74-1F541F406A1E}.Debug|Any CPU.Build.0 = Debug|Any CPU
		{E9C934D5-710C-4CF1-8C74-1F541F406A1E}.Release|Any CPU.ActiveCfg = Release|Any CPU
		{E9C934D5-710C-4CF1-8C74-1F541F406A1E}.Release|Any CPU.Build.0 = Release|Any CPU
		{BDD2FFCC-F0C4-4A70-816D-17ECB9528F79}.Debug|Any CPU.ActiveCfg = Debug|Any CPU
		{BDD2FFCC-F0C4-4A70-816D-17ECB9528F79}.Debug|Any CPU.Build.0 = Debug|Any CPU
		{BDD2FFCC-F0C4-4A70-816D-17ECB9528F79}.Release|Any CPU.ActiveCfg = Release|Any CPU
		{BDD2FFCC-F0C4-4A70-816D-17ECB9528F79}.Release|Any CPU.Build.0 = Release|Any CPU
		{AC3CEB78-4F6F-478E-8038-FDA16AFBFF9E}.Debug|Any CPU.ActiveCfg = Debug|Any CPU
		{AC3CEB78-4F6F-478E-8038-FDA16AFBFF9E}.Debug|Any CPU.Build.0 = Debug|Any CPU
		{AC3CEB78-4F6F-478E-8038-FDA16AFBFF9E}.Release|Any CPU.ActiveCfg = Release|Any CPU
		{AC3CEB78-4F6F-478E-8038-FDA16AFBFF9E}.Release|Any CPU.Build.0 = Release|Any CPU
		{BB432AB2-BA39-43FD-A8E2-48F8521E5F56}.Debug|Any CPU.ActiveCfg = Debug|Any CPU
		{BB432AB2-BA39-43FD-A8E2-48F8521E5F56}.Debug|Any CPU.Build.0 = Debug|Any CPU
		{BB432AB2-BA39-43FD-A8E2-48F8521E5F56}.Release|Any CPU.ActiveCfg = Release|Any CPU
		{BB432AB2-BA39-43FD-A8E2-48F8521E5F56}.Release|Any CPU.Build.0 = Release|Any CPU
		{F84EDFAD-D31D-42DF-9C34-39505D4D973F}.Debug|Any CPU.ActiveCfg = Debug|Any CPU
		{F84EDFAD-D31D-42DF-9C34-39505D4D973F}.Debug|Any CPU.Build.0 = Debug|Any CPU
		{F84EDFAD-D31D-42DF-9C34-39505D4D973F}.Release|Any CPU.ActiveCfg = Release|Any CPU
		{F84EDFAD-D31D-42DF-9C34-39505D4D973F}.Release|Any CPU.Build.0 = Release|Any CPU
	EndGlobalSection
	GlobalSection(SolutionProperties) = preSolution
		HideSolutionNode = FALSE
	EndGlobalSection
	GlobalSection(ExtensibilityGlobals) = postSolution
		SolutionGuid = {25E7953B-1D05-41FE-9A83-16B6557B3C40}
	EndGlobalSection
EndGlobal
